{
  "version": 4,
  "terraform_version": "1.13.3",
  "serial": 33,
  "lineage": "22c769f1-7570-cfc0-2de5-5ef521f6eea7",
  "outputs": {},
  "resources": [
    {
      "mode": "managed",
      "type": "aws_db_subnet_group",
      "name": "default",
      "provider": "provider[\"registry.terraform.io/hashicorp/aws\"]",
      "instances": [
        {
          "schema_version": 0,
          "attributes": {
            "arn": "arn:aws:rds:us-east-2:050752607880:subgrp:main-db-subnet-group",
            "description": "Managed by Terraform",
            "id": "main-db-subnet-group",
            "name": "main-db-subnet-group",
            "name_prefix": "",
            "region": "us-east-2",
            "subnet_ids": [
              "subnet-04c8eda2f40d58f2d",
              "subnet-0ee883ae50216b456"
            ],
            "supported_network_types": [
              "IPV4"
            ],
            "tags": {
              "Name": "My DB subnet group"
            },
            "tags_all": {
              "Name": "My DB subnet group"
            },
            "vpc_id": "vpc-0ac3f93b5483b4c0e"
          },
          "sensitive_attributes": [],
          "identity_schema_version": 0,
          "private": "bnVsbA==",
          "dependencies": [
            "aws_subnet.private_a",
            "aws_subnet.private_b",
            "aws_vpc.main"
          ]
        }
      ]
    },
    {
      "mode": "managed",
      "type": "aws_elasticache_subnet_group",
      "name": "default",
      "provider": "provider[\"registry.terraform.io/hashicorp/aws\"]",
      "instances": [
        {
          "schema_version": 0,
          "attributes": {
            "arn": "arn:aws:elasticache:us-east-2:050752607880:subnetgroup:main-cache-subnet-group",
            "description": "Managed by Terraform",
            "id": "main-cache-subnet-group",
            "name": "main-cache-subnet-group",
            "region": "us-east-2",
            "subnet_ids": [
              "subnet-04c8eda2f40d58f2d",
              "subnet-0ee883ae50216b456"
            ],
            "tags": {
              "Name": "My ElastiCache subnet group"
            },
            "tags_all": {
              "Name": "My ElastiCache subnet group"
            },
            "vpc_id": "vpc-0ac3f93b5483b4c0e"
          },
          "sensitive_attributes": [],
          "identity_schema_version": 0,
          "private": "bnVsbA==",
          "dependencies": [
            "aws_subnet.private_a",
            "aws_subnet.private_b",
            "aws_vpc.main"
          ]
        }
      ]
    },
    {
      "mode": "managed",
      "type": "aws_security_group",
      "name": "app_sg",
      "provider": "provider[\"registry.terraform.io/hashicorp/aws\"]",
      "instances": [
        {
          "schema_version": 1,
          "attributes": {
            "arn": "arn:aws:ec2:us-east-2:050752607880:security-group/sg-029b5759ebb840c35",
            "description": "Allow web and SSH traffic",
            "egress": [
              {
                "cidr_blocks": [
                  "0.0.0.0/0"
                ],
                "description": "",
                "from_port": 0,
                "ipv6_cidr_blocks": [],
                "prefix_list_ids": [],
                "protocol": "-1",
                "security_groups": [],
                "self": false,
                "to_port": 0
              }
            ],
            "id": "sg-029b5759ebb840c35",
            "ingress": [
              {
                "cidr_blocks": [
                  "0.0.0.0/0"
                ],
                "description": "",
                "from_port": 22,
                "ipv6_cidr_blocks": [],
                "prefix_list_ids": [],
                "protocol": "tcp",
                "security_groups": [],
                "self": false,
                "to_port": 22
              },
              {
                "cidr_blocks": [
                  "0.0.0.0/0"
                ],
                "description": "",
                "from_port": 80,
                "ipv6_cidr_blocks": [],
                "prefix_list_ids": [],
                "protocol": "tcp",
                "security_groups": [],
                "self": false,
                "to_port": 80
              }
            ],
            "name": "app-sg",
            "name_prefix": "",
            "owner_id": "050752607880",
            "region": "us-east-2",
            "revoke_rules_on_delete": false,
            "tags": {
              "Name": "app-sg"
            },
            "tags_all": {
              "Name": "app-sg"
            },
            "timeouts": null,
            "vpc_id": "vpc-0ac3f93b5483b4c0e"
          },
          "sensitive_attributes": [],
          "identity_schema_version": 0,
          "identity": {
            "account_id": "050752607880",
            "id": "sg-029b5759ebb840c35",
            "region": "us-east-2"
          },
          "private": "eyJlMmJmYjczMC1lY2FhLTExZTYtOGY4OC0zNDM2M2JjN2M0YzAiOnsiY3JlYXRlIjo2MDAwMDAwMDAwMDAsImRlbGV0ZSI6OTAwMDAwMDAwMDAwfSwic2NoZW1hX3ZlcnNpb24iOiIxIn0=",
          "dependencies": [
            "aws_vpc.main"
          ]
        }
      ]
    },
    {
      "mode": "managed",
      "type": "aws_security_group",
      "name": "cache_sg",
      "provider": "provider[\"registry.terraform.io/hashicorp/aws\"]",
      "instances": [
        {
          "schema_version": 1,
          "attributes": {
            "arn": "arn:aws:ec2:us-east-2:050752607880:security-group/sg-0dca1abcb2a33624a",
            "description": "Allow inbound traffic from the app server",
            "egress": [],
            "id": "sg-0dca1abcb2a33624a",
            "ingress": [
              {
                "cidr_blocks": [],
                "description": "",
                "from_port": 6379,
                "ipv6_cidr_blocks": [],
                "prefix_list_ids": [],
                "protocol": "tcp",
                "security_groups": [
                  "sg-029b5759ebb840c35"
                ],
                "self": false,
                "to_port": 6379
              }
            ],
            "name": "cache-sg",
            "name_prefix": "",
            "owner_id": "050752607880",
            "region": "us-east-2",
            "revoke_rules_on_delete": false,
            "tags": {},
            "tags_all": {},
            "timeouts": null,
            "vpc_id": "vpc-0ac3f93b5483b4c0e"
          },
          "sensitive_attributes": [
            [
              {
                "type": "get_attr",
                "value": "ingress"
              }
            ]
          ],
          "identity_schema_version": 0,
          "identity": {
            "account_id": "050752607880",
            "id": "sg-0dca1abcb2a33624a",
            "region": "us-east-2"
          },
          "private": "eyJlMmJmYjczMC1lY2FhLTExZTYtOGY4OC0zNDM2M2JjN2M0YzAiOnsiY3JlYXRlIjo2MDAwMDAwMDAwMDAsImRlbGV0ZSI6OTAwMDAwMDAwMDAwfSwic2NoZW1hX3ZlcnNpb24iOiIxIn0=",
          "dependencies": [
            "aws_security_group.app_sg",
            "aws_vpc.main"
          ]
        }
      ]
    },
    {
      "mode": "managed",
      "type": "aws_security_group",
      "name": "rds_sg",
      "provider": "provider[\"registry.terraform.io/hashicorp/aws\"]",
      "instances": [
        {
          "schema_version": 1,
          "attributes": {
            "arn": "arn:aws:ec2:us-east-2:050752607880:security-group/sg-05ead9895702e1744",
            "description": "Allow inbound traffic from the app server",
            "egress": [],
            "id": "sg-05ead9895702e1744",
            "ingress": [
              {
                "cidr_blocks": [],
                "description": "",
                "from_port": 5432,
                "ipv6_cidr_blocks": [],
                "prefix_list_ids": [],
                "protocol": "tcp",
                "security_groups": [
                  "sg-029b5759ebb840c35"
                ],
                "self": false,
                "to_port": 5432
              }
            ],
            "name": "rds-sg",
            "name_prefix": "",
            "owner_id": "050752607880",
            "region": "us-east-2",
            "revoke_rules_on_delete": false,
            "tags": {},
            "tags_all": {},
            "timeouts": null,
            "vpc_id": "vpc-0ac3f93b5483b4c0e"
          },
          "sensitive_attributes": [
            [
              {
                "type": "get_attr",
                "value": "ingress"
              }
            ]
          ],
          "identity_schema_version": 0,
          "identity": {
            "account_id": "050752607880",
            "id": "sg-05ead9895702e1744",
            "region": "us-east-2"
          },
          "private": "eyJlMmJmYjczMC1lY2FhLTExZTYtOGY4OC0zNDM2M2JjN2M0YzAiOnsiY3JlYXRlIjo2MDAwMDAwMDAwMDAsImRlbGV0ZSI6OTAwMDAwMDAwMDAwfSwic2NoZW1hX3ZlcnNpb24iOiIxIn0=",
          "dependencies": [
            "aws_security_group.app_sg",
            "aws_vpc.main"
          ]
        }
      ]
    },
    {
      "mode": "managed",
      "type": "aws_subnet",
      "name": "main",
      "provider": "provider[\"registry.terraform.io/hashicorp/aws\"]",
      "instances": [
        {
          "schema_version": 1,
          "attributes": {
            "arn": "arn:aws:ec2:us-east-2:050752607880:subnet/subnet-0b06f2fd35e064b78",
            "assign_ipv6_address_on_creation": false,
            "availability_zone": "us-east-2a",
            "availability_zone_id": "use2-az1",
            "cidr_block": "10.0.1.0/24",
            "customer_owned_ipv4_pool": "",
            "enable_dns64": false,
            "enable_lni_at_device_index": 0,
            "enable_resource_name_dns_a_record_on_launch": false,
            "enable_resource_name_dns_aaaa_record_on_launch": false,
            "id": "subnet-0b06f2fd35e064b78",
            "ipv6_cidr_block": "",
            "ipv6_cidr_block_association_id": "",
            "ipv6_native": false,
            "map_customer_owned_ip_on_launch": false,
            "map_public_ip_on_launch": true,
            "outpost_arn": "",
            "owner_id": "050752607880",
            "private_dns_hostname_type_on_launch": "ip-name",
            "region": "us-east-2",
            "tags": {
              "Name": "my-public-subnet"
            },
            "tags_all": {
              "Name": "my-public-subnet"
            },
            "timeouts": null,
            "vpc_id": "vpc-0ac3f93b5483b4c0e"
          },
          "sensitive_attributes": [],
          "identity_schema_version": 0,
          "identity": {
            "account_id": "050752607880",
            "id": "subnet-0b06f2fd35e064b78",
            "region": "us-east-2"
          },
          "private": "eyJlMmJmYjczMC1lY2FhLTExZTYtOGY4OC0zNDM2M2JjN2M0YzAiOnsiY3JlYXRlIjo2MDAwMDAwMDAwMDAsImRlbGV0ZSI6MTIwMDAwMDAwMDAwMH0sInNjaGVtYV92ZXJzaW9uIjoiMSJ9",
          "dependencies": [
            "aws_vpc.main"
          ]
        }
      ]
    },
    {
      "mode": "managed",
      "type": "aws_subnet",
      "name": "private_a",
      "provider": "provider[\"registry.terraform.io/hashicorp/aws\"]",
      "instances": [
        {
          "schema_version": 1,
          "attributes": {
            "arn": "arn:aws:ec2:us-east-2:050752607880:subnet/subnet-04c8eda2f40d58f2d",
            "assign_ipv6_address_on_creation": false,
            "availability_zone": "us-east-2a",
            "availability_zone_id": "use2-az1",
            "cidr_block": "10.0.2.0/24",
            "customer_owned_ipv4_pool": "",
            "enable_dns64": false,
            "enable_lni_at_device_index": 0,
            "enable_resource_name_dns_a_record_on_launch": false,
            "enable_resource_name_dns_aaaa_record_on_launch": false,
            "id": "subnet-04c8eda2f40d58f2d",
            "ipv6_cidr_block": "",
            "ipv6_cidr_block_association_id": "",
            "ipv6_native": false,
            "map_customer_owned_ip_on_launch": false,
            "map_public_ip_on_launch": false,
            "outpost_arn": "",
            "owner_id": "050752607880",
            "private_dns_hostname_type_on_launch": "ip-name",
            "region": "us-east-2",
            "tags": {
              "Name": "my-private-subnet-a"
            },
            "tags_all": {
              "Name": "my-private-subnet-a"
            },
            "timeouts": null,
            "vpc_id": "vpc-0ac3f93b5483b4c0e"
          },
          "sensitive_attributes": [],
          "identity_schema_version": 0,
          "identity": {
            "account_id": "050752607880",
            "id": "subnet-04c8eda2f40d58f2d",
            "region": "us-east-2"
          },
          "private": "eyJlMmJmYjczMC1lY2FhLTExZTYtOGY4OC0zNDM2M2JjN2M0YzAiOnsiY3JlYXRlIjo2MDAwMDAwMDAwMDAsImRlbGV0ZSI6MTIwMDAwMDAwMDAwMH0sInNjaGVtYV92ZXJzaW9uIjoiMSJ9",
          "dependencies": [
            "aws_vpc.main"
          ]
        }
      ]
    },
    {
      "mode": "managed",
      "type": "aws_subnet",
      "name": "private_b",
      "provider": "provider[\"registry.terraform.io/hashicorp/aws\"]",
      "instances": [
        {
          "schema_version": 1,
          "attributes": {
            "arn": "arn:aws:ec2:us-east-2:050752607880:subnet/subnet-0ee883ae50216b456",
            "assign_ipv6_address_on_creation": false,
            "availability_zone": "us-east-2b",
            "availability_zone_id": "use2-az2",
            "cidr_block": "10.0.3.0/24",
            "customer_owned_ipv4_pool": "",
            "enable_dns64": false,
            "enable_lni_at_device_index": 0,
            "enable_resource_name_dns_a_record_on_launch": false,
            "enable_resource_name_dns_aaaa_record_on_launch": false,
            "id": "subnet-0ee883ae50216b456",
            "ipv6_cidr_block": "",
            "ipv6_cidr_block_association_id": "",
            "ipv6_native": false,
            "map_customer_owned_ip_on_launch": false,
            "map_public_ip_on_launch": false,
            "outpost_arn": "",
            "owner_id": "050752607880",
            "private_dns_hostname_type_on_launch": "ip-name",
            "region": "us-east-2",
            "tags": {
              "Name": "my-private-subnet-b"
            },
            "tags_all": {
              "Name": "my-private-subnet-b"
            },
            "timeouts": null,
            "vpc_id": "vpc-0ac3f93b5483b4c0e"
          },
          "sensitive_attributes": [],
          "identity_schema_version": 0,
          "identity": {
            "account_id": "050752607880",
            "id": "subnet-0ee883ae50216b456",
            "region": "us-east-2"
          },
          "private": "eyJlMmJmYjczMC1lY2FhLTExZTYtOGY4OC0zNDM2M2JjN2M0YzAiOnsiY3JlYXRlIjo2MDAwMDAwMDAwMDAsImRlbGV0ZSI6MTIwMDAwMDAwMDAwMH0sInNjaGVtYV92ZXJzaW9uIjoiMSJ9",
          "dependencies": [
            "aws_vpc.main"
          ]
        }
      ]
    },
    {
      "mode": "managed",
      "type": "aws_vpc",
      "name": "main",
      "provider": "provider[\"registry.terraform.io/hashicorp/aws\"]",
      "instances": [
        {
          "schema_version": 1,
          "attributes": {
            "arn": "arn:aws:ec2:us-east-2:050752607880:vpc/vpc-0ac3f93b5483b4c0e",
            "assign_generated_ipv6_cidr_block": false,
            "cidr_block": "10.0.0.0/16",
            "default_network_acl_id": "acl-093aac97f20e049cf",
            "default_route_table_id": "rtb-09cba6dc280bae250",
            "default_security_group_id": "sg-0a393a3bb768daa3a",
            "dhcp_options_id": "dopt-0a5f447ad1e1138fa",
            "enable_dns_hostnames": false,
            "enable_dns_support": true,
            "enable_network_address_usage_metrics": false,
            "id": "vpc-0ac3f93b5483b4c0e",
            "instance_tenancy": "default",
            "ipv4_ipam_pool_id": null,
            "ipv4_netmask_length": null,
            "ipv6_association_id": "",
            "ipv6_cidr_block": "",
            "ipv6_cidr_block_network_border_group": "",
            "ipv6_ipam_pool_id": "",
            "ipv6_netmask_length": 0,
            "main_route_table_id": "rtb-09cba6dc280bae250",
            "owner_id": "050752607880",
            "region": "us-east-2",
            "tags": {
              "Name": "my-vpc"
            },
            "tags_all": {
              "Name": "my-vpc"
            }
          },
          "sensitive_attributes": [],
          "identity_schema_version": 0,
          "private": "eyJzY2hlbWFfdmVyc2lvbiI6IjEifQ=="
        }
      ]
    }
  ],
  "check_results": null
}
